
Microsoft Visual Studio Solution File, Format Version 11.00
# Visual Studio 2010
Project("{FAE04EC0-301F-11D3-BF4B-00C04F79EFBC}") = "AstarPathfindingProject", "AstarPathfindingProject.csproj", "{B0266B8B-ADED-97DE-3D0D-52352E7A3D3D}"
EndProject
Project("{FAE04EC0-301F-11D3-BF4B-00C04F79EFBC}") = "Assembly-CSharp", "Assembly-CSharp.csproj", "{1FB196C6-5007-9EA2-DC59-3EE923D204EE}"
EndProject
Project("{FAE04EC0-301F-11D3-BF4B-00C04F79EFBC}") = "AstarPathfindingProjectEditor", "AstarPathfindingProjectEditor.csproj", "{E7C6CAFF-EAC4-ED58-19ED-69A447594B48}"
EndProject
Project("{FAE04EC0-301F-11D3-BF4B-00C04F79EFBC}") = "PackageToolsEditor", "PackageToolsEditor.csproj", "{A55A4901-FACF-2EFD-CC12-9288B2E6A1D9}"
EndProject
Global
	GlobalSection(SolutionConfigurationPlatforms) = preSolution
		Debug|Any CPU = Debug|Any CPU
		Release|Any CPU = Release|Any CPU
	EndGlobalSection
	GlobalSection(ProjectConfigurationPlatforms) = postSolution
		{B0266B8B-ADED-97DE-3D0D-52352E7A3D3D}.Debug|Any CPU.ActiveCfg = Debug|Any CPU
		{B0266B8B-ADED-97DE-3D0D-52352E7A3D3D}.Debug|Any CPU.Build.0 = Debug|Any CPU
		{B0266B8B-ADED-97DE-3D0D-52352E7A3D3D}.Release|Any CPU.ActiveCfg = Release|Any CPU
		{B0266B8B-ADED-97DE-3D0D-52352E7A3D3D}.Release|Any CPU.Build.0 = Release|Any CPU
		{1FB196C6-5007-9EA2-DC59-3EE923D204EE}.Debug|Any CPU.ActiveCfg = Debug|Any CPU
		{1FB196C6-5007-9EA2-DC59-3EE923D204EE}.Debug|Any CPU.Build.0 = Debug|Any CPU
		{1FB196C6-5007-9EA2-DC59-3EE923D204EE}.Release|Any CPU.ActiveCfg = Release|Any CPU
		{1FB196C6-5007-9EA2-DC59-3EE923D204EE}.Release|Any CPU.Build.0 = Release|Any CPU
		{E7C6CAFF-EAC4-ED58-19ED-69A447594B48}.Debug|Any CPU.ActiveCfg = Debug|Any CPU
		{E7C6CAFF-EAC4-ED58-19ED-69A447594B48}.Debug|Any CPU.Build.0 = Debug|Any CPU
		{E7C6CAFF-EAC4-ED58-19ED-69A447594B48}.Release|Any CPU.ActiveCfg = Release|Any CPU
		{E7C6CAFF-EAC4-ED58-19ED-69A447594B48}.Release|Any CPU.Build.0 = Release|Any CPU
		{A55A4901-FACF-2EFD-CC12-9288B2E6A1D9}.Debug|Any CPU.ActiveCfg = Debug|Any CPU
		{A55A4901-FACF-2EFD-CC12-9288B2E6A1D9}.Debug|Any CPU.Build.0 = Debug|Any CPU
		{A55A4901-FACF-2EFD-CC12-9288B2E6A1D9}.Release|Any CPU.ActiveCfg = Release|Any CPU
		{A55A4901-FACF-2EFD-CC12-9288B2E6A1D9}.Release|Any CPU.Build.0 = Release|Any CPU
	EndGlobalSection
	GlobalSection(SolutionProperties) = preSolution
		HideSolutionNode = FALSE
	EndGlobalSection
EndGlobal
